
Microsoft Visual Studio Solution File, Format Version 12.00
# Visual Studio 15
VisualStudioVersion = 15.0.26730.8
MinimumVisualStudioVersion = 10.0.40219.1
Project("{FAE04EC0-301F-11D3-BF4B-00C04F79EFBC}") = "Magic World", "Magic World.csproj", "{D25260B9-1F03-A181-B42C-5AF421407210}"
EndProject
Project("{FAE04EC0-301F-11D3-BF4B-00C04F79EFBC}") = "Magic World.Editor", "Magic World.Editor.csproj", "{FB2BBD12-7F26-9FEB-BAA0-885FDB8D9AD6}"
EndProject
Global
	GlobalSection(SolutionConfigurationPlatforms) = preSolution
		Debug|Any CPU = Debug|Any CPU
		Release|Any CPU = Release|Any CPU
	EndGlobalSection
	GlobalSection(ProjectConfigurationPlatforms) = postSolution
		{D25260B9-1F03-A181-B42C-5AF421407210}.Debug|Any CPU.ActiveCfg = Debug|Any CPU
		{D25260B9-1F03-A181-B42C-5AF421407210}.Debug|Any CPU.Build.0 = Debug|Any CPU
		{D25260B9-1F03-A181-B42C-5AF421407210}.Release|Any CPU.ActiveCfg = Release|Any CPU
		{D25260B9-1F03-A181-B42C-5AF421407210}.Release|Any CPU.Build.0 = Release|Any CPU
		{FB2BBD12-7F26-9FEB-BAA0-885FDB8D9AD6}.Debug|Any CPU.ActiveCfg = Debug|Any CPU
		{FB2BBD12-7F26-9FEB-BAA0-885FDB8D9AD6}.Debug|Any CPU.Build.0 = Debug|Any CPU
		{FB2BBD12-7F26-9FEB-BAA0-885FDB8D9AD6}.Release|Any CPU.ActiveCfg = Release|Any CPU
		{FB2BBD12-7F26-9FEB-BAA0-885FDB8D9AD6}.Release|Any CPU.Build.0 = Release|Any CPU
	EndGlobalSection
	GlobalSection(SolutionProperties) = preSolution
		HideSolutionNode = FALSE
	EndGlobalSection
	GlobalSection(ExtensibilityGlobals) = postSolution
		SolutionGuid = {22A64F0B-379C-4D1B-A9A3-B77C30E31EC0}
	EndGlobalSection
EndGlobal
